
Microsoft Visual Studio Solution File, Format Version 12.00
# Visual Studio Version 16
VisualStudioVersion = 16.0.29424.173
MinimumVisualStudioVersion = 10.0.40219.1
Project("{9A19103F-16F7-4668-BE54-9A1E7A4F7556}") = "Sigma", "Sigma\Sigma.csproj", "{17461D9F-5EA3-45B1-A5FA-E6F853DA6249}"
EndProject
Project("{2150E333-8FDC-42A3-9474-1A3956D46DE8}") = "Solution Items", "Solution Items", "{0ABEE777-246E-48BE-8ED6-1CC295EE7914}"
	ProjectSection(SolutionItems) = preProject
		README.md = README.md
	EndProjectSection
EndProject
Global
	GlobalSection(SolutionConfigurationPlatforms) = preSolution
		Debug|Any CPU = Debug|Any CPU
		Release|Any CPU = Release|Any CPU
	EndGlobalSection
	GlobalSection(ProjectConfigurationPlatforms) = postSolution
		{17461D9F-5EA3-45B1-A5FA-E6F853DA6249}.Debug|Any CPU.ActiveCfg = Debug|Any CPU
		{17461D9F-5EA3-45B1-A5FA-E6F853DA6249}.Debug|Any CPU.Build.0 = Debug|Any CPU
		{17461D9F-5EA3-45B1-A5FA-E6F853DA6249}.Release|Any CPU.ActiveCfg = Release|Any CPU
		{17461D9F-5EA3-45B1-A5FA-E6F853DA6249}.Release|Any CPU.Build.0 = Release|Any CPU
	EndGlobalSection
	GlobalSection(SolutionProperties) = preSolution
		HideSolutionNode = FALSE
	EndGlobalSection
	GlobalSection(ExtensibilityGlobals) = postSolution
		SolutionGuid = {1025A822-0F74-4A5D-B544-1FF991E0E869}
	EndGlobalSection
EndGlobal
